
Microsoft Visual Studio Solution File, Format Version 12.00
# Visual Studio Version 17
VisualStudioVersion = 17.5.33414.496
MinimumVisualStudioVersion = 10.0.40219.1
Project("{FAE04EC0-301F-11D3-BF4B-00C04F79EFBC}") = "WorkSmart+", "WorkSmart+.csproj", "{A0A4A4CE-DA77-45CB-9D1D-44CADA139232}"
EndProject
Global
	GlobalSection(SolutionConfigurationPlatforms) = preSolution
		Debug|Any CPU = Debug|Any CPU
		Release|Any CPU = Release|Any CPU
	EndGlobalSection
	GlobalSection(ProjectConfigurationPlatforms) = postSolution
		{A0A4A4CE-DA77-45CB-9D1D-44CADA139232}.Debug|Any CPU.ActiveCfg = Debug|Any CPU
		{A0A4A4CE-DA77-45CB-9D1D-44CADA139232}.Debug|Any CPU.Build.0 = Debug|Any CPU
		{A0A4A4CE-DA77-45CB-9D1D-44CADA139232}.Release|Any CPU.ActiveCfg = Release|Any CPU
		{A0A4A4CE-DA77-45CB-9D1D-44CADA139232}.Release|Any CPU.Build.0 = Release|Any CPU
	EndGlobalSection
	GlobalSection(SolutionProperties) = preSolution
		HideSolutionNode = FALSE
	EndGlobalSection
	GlobalSection(ExtensibilityGlobals) = postSolution
		SolutionGuid = {90FE2495-58E2-46D3-9261-F68345C5649C}
	EndGlobalSection
EndGlobal
